
Microsoft Visual Studio Solution File, Format Version 12.00
# Visual Studio Version 17
VisualStudioVersion = 17.8.34330.188
MinimumVisualStudioVersion = 10.0.40219.1
Project("{FAE04EC0-301F-11D3-BF4B-00C04F79EFBC}") = "McRae2005TextTool", "McRae2005TextTool.csproj", "{0EC41AEE-EB6B-4C1B-8BA4-77E7E7B4013B}"
EndProject
Global
	GlobalSection(SolutionConfigurationPlatforms) = preSolution
		Debug|Any CPU = Debug|Any CPU
		Release|Any CPU = Release|Any CPU
	EndGlobalSection
	GlobalSection(ProjectConfigurationPlatforms) = postSolution
		{0EC41AEE-EB6B-4C1B-8BA4-77E7E7B4013B}.Debug|Any CPU.ActiveCfg = Debug|Any CPU
		{0EC41AEE-EB6B-4C1B-8BA4-77E7E7B4013B}.Debug|Any CPU.Build.0 = Debug|Any CPU
		{0EC41AEE-EB6B-4C1B-8BA4-77E7E7B4013B}.Release|Any CPU.ActiveCfg = Release|Any CPU
		{0EC41AEE-EB6B-4C1B-8BA4-77E7E7B4013B}.Release|Any CPU.Build.0 = Release|Any CPU
	EndGlobalSection
	GlobalSection(SolutionProperties) = preSolution
		HideSolutionNode = FALSE
	EndGlobalSection
	GlobalSection(ExtensibilityGlobals) = postSolution
		SolutionGuid = {3FEB6275-A1A9-4EFE-890A-25A7B3CF2B55}
	EndGlobalSection
EndGlobal
